
Microsoft Visual Studio Solution File, Format Version 12.00
# Visual Studio 15
VisualStudioVersion = 15.0.28307.438
MinimumVisualStudioVersion = 10.0.40219.1
Project("{FAE04EC0-301F-11D3-BF4B-00C04F79EFBC}") = "BoardGames", "BoardGames\BoardGames.csproj", "{FA86B062-834E-4BFA-A24A-C08637EC1366}"
EndProject
Global
	GlobalSection(SolutionConfigurationPlatforms) = preSolution
		Debug|Any CPU = Debug|Any CPU
		Release|Any CPU = Release|Any CPU
	EndGlobalSection
	GlobalSection(ProjectConfigurationPlatforms) = postSolution
		{FA86B062-834E-4BFA-A24A-C08637EC1366}.Debug|Any CPU.ActiveCfg = Debug|Any CPU
		{FA86B062-834E-4BFA-A24A-C08637EC1366}.Debug|Any CPU.Build.0 = Debug|Any CPU
		{FA86B062-834E-4BFA-A24A-C08637EC1366}.Release|Any CPU.ActiveCfg = Release|Any CPU
		{FA86B062-834E-4BFA-A24A-C08637EC1366}.Release|Any CPU.Build.0 = Release|Any CPU
	EndGlobalSection
	GlobalSection(SolutionProperties) = preSolution
		HideSolutionNode = FALSE
	EndGlobalSection
	GlobalSection(ExtensibilityGlobals) = postSolution
		SolutionGuid = {73EDD705-8F88-4F94-978B-FA49EA23D35E}
	EndGlobalSection
EndGlobal
